{
    "name": "weixin",
    "version": "1.0.0",
    "lockfileVersion": 2,
    "requires": true,
    "packages": {
        "": {
            "name": "weixin",
            "version": "1.0.0",
            "license": "ISC",
            "dependencies": {
                "miniprogram-computed": "^2.1.1",
                "miniprogram-recycle-view": "^0.1.5"
            }
        },
        "node_modules/fast-deep-equal": {
            "version": "2.0.1",
            "resolved": "https://registry.npm.taobao.org/fast-deep-equal/download/fast-deep-equal-2.0.1.tgz",
            "integrity": "sha1-ewUhjd+WZ79/Nwv3/bLLFf3Qqkk=",
            "license": "MIT"
        },
        "node_modules/miniprogram-computed": {
            "version": "2.1.1",
            "resolved": "https://registry.npm.taobao.org/miniprogram-computed/download/miniprogram-computed-2.1.1.tgz",
            "integrity": "sha1-w5PpZ6j25e4mpCBfaa4+uaI7ewc=",
            "license": "MIT",
            "dependencies": {
                "fast-deep-equal": "^2.0.1",
                "rfdc": "^1.1.4"
            }
        },
        "node_modules/miniprogram-recycle-view": {
            "version": "0.1.5",
            "resolved": "http://nexus.quickcan.com/nexus/repository/npm-all/miniprogram-recycle-view/-/miniprogram-recycle-view-0.1.5.tgz",
            "integrity": "sha512-Pfm/u+jfg+b5zDhjXqm7QbR9IuViqX8JyzcHDgr6Zw9wSK0wmbXNzscA1WoSnGP5Z2nG2TIqtiNXvEbvsyrxXA==",
            "license": "MIT"
        },
        "node_modules/rfdc": {
            "version": "1.1.4",
            "resolved": "https://registry.npm.taobao.org/rfdc/download/rfdc-1.1.4.tgz",
            "integrity": "sha1-unLME2egzNnPgahws7WL060H+MI=",
            "license": "MIT"
        }
    },
    "dependencies": {
        "fast-deep-equal": {
            "version": "2.0.1",
            "resolved": "https://registry.npm.taobao.org/fast-deep-equal/download/fast-deep-equal-2.0.1.tgz",
            "integrity": "sha1-ewUhjd+WZ79/Nwv3/bLLFf3Qqkk="
        },
        "miniprogram-computed": {
            "version": "2.1.1",
            "resolved": "https://registry.npm.taobao.org/miniprogram-computed/download/miniprogram-computed-2.1.1.tgz",
            "integrity": "sha1-w5PpZ6j25e4mpCBfaa4+uaI7ewc=",
            "requires": {
                "fast-deep-equal": "^2.0.1",
                "rfdc": "^1.1.4"
            }
        },
        "miniprogram-recycle-view": {
            "version": "0.1.5",
            "resolved": "http://nexus.quickcan.com/nexus/repository/npm-all/miniprogram-recycle-view/-/miniprogram-recycle-view-0.1.5.tgz",
            "integrity": "sha512-Pfm/u+jfg+b5zDhjXqm7QbR9IuViqX8JyzcHDgr6Zw9wSK0wmbXNzscA1WoSnGP5Z2nG2TIqtiNXvEbvsyrxXA=="
        },
        "rfdc": {
            "version": "1.1.4",
            "resolved": "https://registry.npm.taobao.org/rfdc/download/rfdc-1.1.4.tgz",
            "integrity": "sha1-unLME2egzNnPgahws7WL060H+MI="
        }
    }
}
